<?xml version="1.0" encoding="utf-8"?>
<Project ToolsVersion="4.0" xmlns="http://schemas.microsoft.com/developer/msbuild/2003">
  <ItemGroup>
    <Filter Include="Source Files">
      <UniqueIdentifier>{4FC737F1-C7A5-4376-A066-2A32D752A2FF}</UniqueIdentifier>
      <Extensions>cpp;c;cc;cxx;def;odl;idl;hpj;bat;asm;asmx</Extensions>
    </Filter>
    <Filter Include="Header Files">
      <UniqueIdentifier>{93995380-89BD-4b04-88EB-625FBE52EBFB}</UniqueIdentifier>
      <Extensions>h;hh;hpp;hxx;hm;inl;inc;xsd</Extensions>
    </Filter>
    <Filter Include="Resource Files">
      <UniqueIdentifier>{67DA6AB6-F800-4c08-8B7A-83BB121AAD01}</UniqueIdentifier>
      <Extensions>rc;ico;cur;bmp;dlg;rc2;rct;bin;rgs;gif;jpg;jpeg;jpe;resx;tiff;tif;png;wav;mfcribbon-ms</Extensions>
    </Filter>
  </ItemGroup>
  <ItemGroup>
    <ClInclude Include="include\cyaFile.h">
      <Filter>Header Files</Filter>
    </ClInclude>
    <ClInclude Include="include\cyaIfcfg.h">
      <Filter>Header Files</Filter>
    </ClInclude>
    <ClInclude Include="include\cyaIpCvt.h">
      <Filter>Header Files</Filter>
    </ClInclude>
    <ClInclude Include="include\cyaLocker.h">
      <Filter>Header Files</Filter>
    </ClInclude>
    <ClInclude Include="include\cyaMaxMin.h">
      <Filter>Header Files</Filter>
    </ClInclude>
    <ClInclude Include="include\cyaMemPool.h">
      <Filter>Header Files</Filter>
    </ClInclude>
    <ClInclude Include="include\cyaOS_opt.h">
      <Filter>Header Files</Filter>
    </ClInclude>
    <ClInclude Include="include\cyaPC_com.h">
      <Filter>Header Files</Filter>
    </ClInclude>
    <ClInclude Include="include\cyaPing.h">
      <Filter>Header Files</Filter>
    </ClInclude>
    <ClInclude Include="include\cyaProcess.h">
      <Filter>Header Files</Filter>
    </ClInclude>
    <ClInclude Include="include\cyaPsMutex.h">
      <Filter>Header Files</Filter>
    </ClInclude>
    <ClInclude Include="include\cyaRawLock.h">
      <Filter>Header Files</Filter>
    </ClInclude>
    <ClInclude Include="include\cyaRefCount.h">
      <Filter>Header Files</Filter>
    </ClInclude>
    <ClInclude Include="include\cyaSock.h">
      <Filter>Header Files</Filter>
    </ClInclude>
    <ClInclude Include="include\cyaStrCodec.h">
      <Filter>Header Files</Filter>
    </ClInclude>
    <ClInclude Include="include\cyaStrdk.h">
      <Filter>Header Files</Filter>
    </ClInclude>
    <ClInclude Include="include\cyaString.h">
      <Filter>Header Files</Filter>
    </ClInclude>
    <ClInclude Include="include\cyaSync.h">
      <Filter>Header Files</Filter>
    </ClInclude>
    <ClInclude Include="include\cyaTaskPool.h">
      <Filter>Header Files</Filter>
    </ClInclude>
    <ClInclude Include="include\cyaThread.h">
      <Filter>Header Files</Filter>
    </ClInclude>
    <ClInclude Include="include\cyaTime.h">
      <Filter>Header Files</Filter>
    </ClInclude>
    <ClInclude Include="include\cyaTypes.h">
      <Filter>Header Files</Filter>
    </ClInclude>
    <ClInclude Include="include\mainLoop.h">
      <Filter>Header Files</Filter>
    </ClInclude>
    <ClInclude Include="include\mapPingFile.h">
      <Filter>Header Files</Filter>
    </ClInclude>
    <ClInclude Include="include\miniDump.h">
      <Filter>Header Files</Filter>
    </ClInclude>
    <ClInclude Include="include\moduleInfo.h">
      <Filter>Header Files</Filter>
    </ClInclude>
    <ClInclude Include="include\msc_opt.h">
      <Filter>Header Files</Filter>
    </ClInclude>
    <ClInclude Include="include\natChecker.h">
      <Filter>Header Files</Filter>
    </ClInclude>
    <ClInclude Include="include\performance.h">
      <Filter>Header Files</Filter>
    </ClInclude>
    <ClInclude Include="include\ssmempool.h">
      <Filter>Header Files</Filter>
    </ClInclude>
    <ClInclude Include="include\stringHash.h">
      <Filter>Header Files</Filter>
    </ClInclude>
    <ClInclude Include="include\strSep.h">
      <Filter>Header Files</Filter>
    </ClInclude>
    <ClInclude Include="include\stunServe.h">
      <Filter>Header Files</Filter>
    </ClInclude>
    <ClInclude Include="include\win_dll_inject.h">
      <Filter>Header Files</Filter>
    </ClInclude>
    <ClInclude Include="include\win_regedit.h">
      <Filter>Header Files</Filter>
    </ClInclude>
    <ClInclude Include="include\win_service.h">
      <Filter>Header Files</Filter>
    </ClInclude>
    <ClInclude Include="include\win_toolHelp.h">
      <Filter>Header Files</Filter>
    </ClInclude>
    <ClInclude Include="include\cyaAllocator.h">
      <Filter>Header Files</Filter>
    </ClInclude>
    <ClInclude Include="include\cyaAtomic.h">
      <Filter>Header Files</Filter>
    </ClInclude>
    <ClInclude Include="include\cyaAutoPtr.h">
      <Filter>Header Files</Filter>
    </ClInclude>
    <ClInclude Include="include\cyaBase.h">
      <Filter>Header Files</Filter>
    </ClInclude>
    <ClInclude Include="include\cyaBufferDef.h">
      <Filter>Header Files</Filter>
    </ClInclude>
    <ClInclude Include="include\cyaDll.h">
      <Filter>Header Files</Filter>
    </ClInclude>
    <ClInclude Include="include\cyaFdk.h">
      <Filter>Header Files</Filter>
    </ClInclude>
  </ItemGroup>
  <ItemGroup>
    <ClCompile Include="source\cyaTaskPool.cpp">
      <Filter>Source Files</Filter>
    </ClCompile>
    <ClCompile Include="source\mapPingFile.cpp">
      <Filter>Source Files</Filter>
    </ClCompile>
    <ClCompile Include="source\moduleInfo.cpp">
      <Filter>Source Files</Filter>
    </ClCompile>
    <ClCompile Include="source\natChecker.cpp">
      <Filter>Source Files</Filter>
    </ClCompile>
    <ClCompile Include="source\performance.cpp">
      <Filter>Source Files</Filter>
    </ClCompile>
    <ClCompile Include="source\ssmempool.cpp">
      <Filter>Source Files</Filter>
    </ClCompile>
    <ClCompile Include="source\stringHash.cpp">
      <Filter>Source Files</Filter>
    </ClCompile>
    <ClCompile Include="source\stunServe.cpp">
      <Filter>Source Files</Filter>
    </ClCompile>
    <ClCompile Include="source\win_dll_inject.cpp">
      <Filter>Source Files</Filter>
    </ClCompile>
    <ClCompile Include="source\win_regedit.cpp">
      <Filter>Source Files</Filter>
    </ClCompile>
    <ClCompile Include="source\win_service.cpp">
      <Filter>Source Files</Filter>
    </ClCompile>
    <ClCompile Include="source\cyaAtomic.cpp">
      <Filter>Source Files</Filter>
    </ClCompile>
    <ClCompile Include="source\cyaFdk.cpp">
      <Filter>Source Files</Filter>
    </ClCompile>
    <ClCompile Include="source\cyaIfcfg.cpp">
      <Filter>Source Files</Filter>
    </ClCompile>
    <ClCompile Include="source\cyaIpCvt.cpp">
      <Filter>Source Files</Filter>
    </ClCompile>
    <ClCompile Include="source\cyaMemPool.cpp">
      <Filter>Source Files</Filter>
    </ClCompile>
    <ClCompile Include="source\cyaOS_opt.cpp">
      <Filter>Source Files</Filter>
    </ClCompile>
    <ClCompile Include="source\cyaPC_com.cpp">
      <Filter>Source Files</Filter>
    </ClCompile>
    <ClCompile Include="source\cyaPing.cpp">
      <Filter>Source Files</Filter>
    </ClCompile>
    <ClCompile Include="source\cyaProcess.cpp">
      <Filter>Source Files</Filter>
    </ClCompile>
    <ClCompile Include="source\cyaStrCodec.cpp">
      <Filter>Source Files</Filter>
    </ClCompile>
    <ClCompile Include="source\cyaStrdk.cpp">
      <Filter>Source Files</Filter>
    </ClCompile>
  </ItemGroup>
</Project>