<?xml version="1.0" encoding="utf-8"?>
<Project ToolsVersion="4.0" xmlns="http://schemas.microsoft.com/developer/msbuild/2003">
  <ItemGroup>
    <Filter Include="Source Files">
      <UniqueIdentifier>{4FC737F1-C7A5-4376-A066-2A32D752A2FF}</UniqueIdentifier>
      <Extensions>cpp;c;cc;cxx;def;odl;idl;hpj;bat;asm;asmx</Extensions>
    </Filter>
    <Filter Include="Header Files">
      <UniqueIdentifier>{93995380-89BD-4b04-88EB-625FBE52EBFB}</UniqueIdentifier>
      <Extensions>h;hh;hpp;hxx;hm;inl;inc;xsd</Extensions>
    </Filter>
    <Filter Include="Resource Files">
      <UniqueIdentifier>{67DA6AB6-F800-4c08-8B7A-83BB121AAD01}</UniqueIdentifier>
      <Extensions>rc;ico;cur;bmp;dlg;rc2;rct;bin;rgs;gif;jpg;jpeg;jpe;resx;tiff;tif;png;wav;mfcribbon-ms</Extensions>
    </Filter>
  </ItemGroup>
  <ItemGroup>
    <ClInclude Include="include\ConfigFileMan.h">
      <Filter>Header Files</Filter>
    </ClInclude>
    <ClInclude Include="include\LicenceCommon.h">
      <Filter>Header Files</Filter>
    </ClInclude>
    <ClInclude Include="include\LicenceSession.h">
      <Filter>Header Files</Filter>
    </ClInclude>
    <ClInclude Include="..\ServiceHeader\ServiceCmdCode.h">
      <Filter>Header Files</Filter>
    </ClInclude>
    <ClInclude Include="..\ServiceHeader\ServiceProtocol.h">
      <Filter>Header Files</Filter>
    </ClInclude>
    <ClInclude Include="..\ServiceHeader\ServiceLicence.h">
      <Filter>Header Files</Filter>
    </ClInclude>
    <ClInclude Include="..\ServiceHeader\ServiceExtMan.h">
      <Filter>Header Files</Filter>
    </ClInclude>
    <ClInclude Include="..\ServiceHeader\ServiceCommon.h">
      <Filter>Header Files</Filter>
    </ClInclude>
    <ClInclude Include="..\ServiceHeader\ServiceManageLogic.h">
      <Filter>Header Files</Filter>
    </ClInclude>
    <ClInclude Include="..\ServiceHeader\ServiceChat.h">
      <Filter>Header Files</Filter>
    </ClInclude>
    <ClInclude Include="..\ServiceHeader\ServiceLinker.h">
      <Filter>Header Files</Filter>
    </ClInclude>
    <ClInclude Include="..\ServiceHeader\ServiceSLogic.h">
      <Filter>Header Files</Filter>
    </ClInclude>
    <ClInclude Include="..\ServiceHeader\LCSProtocol.h">
      <Filter>Header Files</Filter>
    </ClInclude>
    <ClInclude Include="..\ServiceHeader\ServiceErrorCode.h">
      <Filter>Header Files</Filter>
    </ClInclude>
    <ClInclude Include="include\ExtServeLogicMan.h">
      <Filter>Header Files</Filter>
    </ClInclude>
    <ClInclude Include="include\DBSClient.h">
      <Filter>Header Files</Filter>
    </ClInclude>
    <ClInclude Include="include\PartitionInfoMan.h">
      <Filter>Header Files</Filter>
    </ClInclude>
    <ClInclude Include="include\UserInfoMan.h">
      <Filter>Header Files</Filter>
    </ClInclude>
    <ClInclude Include="include\LicenceServeMan.h">
      <Filter>Header Files</Filter>
    </ClInclude>
    <ClInclude Include="include\LicenceLogicProcMan.h">
      <Filter>Header Files</Filter>
    </ClInclude>
    <ClInclude Include="include\DBSClientMan.h">
      <Filter>Header Files</Filter>
    </ClInclude>
  </ItemGroup>
  <ItemGroup>
    <ClCompile Include="source\ConfigFileMan.cpp">
      <Filter>Source Files</Filter>
    </ClCompile>
    <ClCompile Include="source\main.cpp">
      <Filter>Source Files</Filter>
    </ClCompile>
    <ClCompile Include="source\LicenceCommon.cpp">
      <Filter>Source Files</Filter>
    </ClCompile>
    <ClCompile Include="source\LicenceSession.cpp">
      <Filter>Source Files</Filter>
    </ClCompile>
    <ClCompile Include="source\ExtServeLogicMan.cpp">
      <Filter>Source Files</Filter>
    </ClCompile>
    <ClCompile Include="source\DBSClient.cpp">
      <Filter>Source Files</Filter>
    </ClCompile>
    <ClCompile Include="source\PartitionInfoMan.cpp">
      <Filter>Source Files</Filter>
    </ClCompile>
    <ClCompile Include="source\UserInfoMan.cpp">
      <Filter>Source Files</Filter>
    </ClCompile>
    <ClCompile Include="source\LicenceServeMan.cpp">
      <Filter>Source Files</Filter>
    </ClCompile>
    <ClCompile Include="source\LicenceLogicProcMan.cpp">
      <Filter>Source Files</Filter>
    </ClCompile>
    <ClCompile Include="source\DBSClientMan.cpp">
      <Filter>Source Files</Filter>
    </ClCompile>
  </ItemGroup>
</Project>