<?xml version="1.0" encoding="utf-8"?>
<Project ToolsVersion="4.0" xmlns="http://schemas.microsoft.com/developer/msbuild/2003">
  <ItemGroup>
    <Filter Include="Source Files">
      <UniqueIdentifier>{4FC737F1-C7A5-4376-A066-2A32D752A2FF}</UniqueIdentifier>
      <Extensions>cpp;c;cc;cxx;def;odl;idl;hpj;bat;asm;asmx</Extensions>
    </Filter>
    <Filter Include="Header Files">
      <UniqueIdentifier>{93995380-89BD-4b04-88EB-625FBE52EBFB}</UniqueIdentifier>
      <Extensions>h;hh;hpp;hxx;hm;inl;inc;xsd</Extensions>
    </Filter>
    <Filter Include="Resource Files">
      <UniqueIdentifier>{67DA6AB6-F800-4c08-8B7A-83BB121AAD01}</UniqueIdentifier>
      <Extensions>rc;ico;cur;bmp;dlg;rc2;rct;bin;rgs;gif;jpg;jpeg;jpe;resx;tiff;tif;png;wav;mfcribbon-ms</Extensions>
    </Filter>
  </ItemGroup>
  <ItemGroup>
    <ClCompile Include="source\main.cpp">
      <Filter>Source Files</Filter>
    </ClCompile>
    <ClCompile Include="source\GMCfgMan.cpp">
      <Filter>Source Files</Filter>
    </ClCompile>
    <ClCompile Include="source\RandWords.cpp">
      <Filter>Source Files</Filter>
    </ClCompile>
    <ClCompile Include="source\GMProcessDataMan.cpp">
      <Filter>Source Files</Filter>
    </ClCompile>
    <ClCompile Include="source\GMSession.cpp">
      <Filter>Source Files</Filter>
    </ClCompile>
    <ClCompile Include="source\GMServeMan.cpp">
      <Filter>Source Files</Filter>
    </ClCompile>
    <ClCompile Include="source\OtherServeConnMan.cpp">
      <Filter>Source Files</Filter>
    </ClCompile>
    <ClCompile Include="source\UpdateDataMan.cpp">
      <Filter>Source Files</Filter>
    </ClCompile>
    <ClCompile Include="source\ServeConnMan.cpp">
      <Filter>Source Files</Filter>
    </ClCompile>
    <ClCompile Include="source\StrHahs.cpp">
      <Filter>Source Files</Filter>
    </ClCompile>
    <ClCompile Include="source\stdafx.cpp">
      <Filter>Source Files</Filter>
    </ClCompile>
  </ItemGroup>
  <ItemGroup>
    <ClInclude Include="include\GMCfgMan.h">
      <Filter>Header Files</Filter>
    </ClInclude>
    <ClInclude Include="..\ServiceHeader\ServiceErrorCode.h">
      <Filter>Header Files</Filter>
    </ClInclude>
    <ClInclude Include="include\RandWords.h">
      <Filter>Header Files</Filter>
    </ClInclude>
    <ClInclude Include="..\ServiceHeader\GMProtocal.h">
      <Filter>Header Files</Filter>
    </ClInclude>
    <ClInclude Include="..\ServiceHeader\ServiceCommon.h">
      <Filter>Header Files</Filter>
    </ClInclude>
    <ClInclude Include="..\ServiceHeader\GMComm.h">
      <Filter>Header Files</Filter>
    </ClInclude>
    <ClInclude Include="..\ServiceHeader\ServiceProtocol.h">
      <Filter>Header Files</Filter>
    </ClInclude>
    <ClInclude Include="..\ServiceHeader\ServiceCmdCode.h">
      <Filter>Header Files</Filter>
    </ClInclude>
    <ClInclude Include="include\GMProcessDataMan.h">
      <Filter>Header Files</Filter>
    </ClInclude>
    <ClInclude Include="include\GMSession.h">
      <Filter>Header Files</Filter>
    </ClInclude>
    <ClInclude Include="include\GMServeMan.h">
      <Filter>Header Files</Filter>
    </ClInclude>
    <ClInclude Include="include\OtherServeConnMan.h">
      <Filter>Header Files</Filter>
    </ClInclude>
    <ClInclude Include="include\UpdateDataMan.h">
      <Filter>Header Files</Filter>
    </ClInclude>
    <ClInclude Include="include\ServeConnMan.h">
      <Filter>Header Files</Filter>
    </ClInclude>
    <ClInclude Include="include\StrHahs.h">
      <Filter>Header Files</Filter>
    </ClInclude>
    <ClInclude Include="include\stdafx.h">
      <Filter>Header Files</Filter>
    </ClInclude>
  </ItemGroup>
</Project>