<?xml version="1.0" encoding="utf-8"?>
<Project ToolsVersion="4.0" xmlns="http://schemas.microsoft.com/developer/msbuild/2003">
  <ItemGroup>
    <Filter Include="Source Files">
      <UniqueIdentifier>{4FC737F1-C7A5-4376-A066-2A32D752A2FF}</UniqueIdentifier>
      <Extensions>cpp;c;cc;cxx;def;odl;idl;hpj;bat;asm;asmx</Extensions>
    </Filter>
    <Filter Include="Header Files">
      <UniqueIdentifier>{93995380-89BD-4b04-88EB-625FBE52EBFB}</UniqueIdentifier>
      <Extensions>h;hh;hpp;hxx;hm;inl;inc;xsd</Extensions>
    </Filter>
    <Filter Include="Resource Files">
      <UniqueIdentifier>{67DA6AB6-F800-4c08-8B7A-83BB121AAD01}</UniqueIdentifier>
      <Extensions>rc;ico;cur;bmp;dlg;rc2;rct;bin;rgs;gif;jpg;jpeg;jpe;resx;tiff;tif;png;wav;mfcribbon-ms</Extensions>
    </Filter>
  </ItemGroup>
  <ItemGroup>
    <ClInclude Include="include\AppendProcess.h">
      <Filter>Header Files</Filter>
    </ClInclude>
    <ClInclude Include="include\SqlSingle.h">
      <Filter>Header Files</Filter>
    </ClInclude>
    <ClInclude Include="include\DBTable.h">
      <Filter>Header Files</Filter>
    </ClInclude>
    <ClInclude Include="include\TcpSession.h">
      <Filter>Header Files</Filter>
    </ClInclude>
    <ClInclude Include="..\ServiceHeader\DBSProtocol.h">
      <Filter>Header Files</Filter>
    </ClInclude>
    <ClInclude Include="include\MsgProcess.h">
      <Filter>Header Files</Filter>
    </ClInclude>
    <ClInclude Include="include\DBConfig.h">
      <Filter>Header Files</Filter>
    </ClInclude>
    <ClInclude Include="include\SqlMan.h">
      <Filter>Header Files</Filter>
    </ClInclude>
    <ClInclude Include="include\SyncServer.h">
      <Filter>Header Files</Filter>
    </ClInclude>
    <ClInclude Include="include\SyncHelper.h">
      <Filter>Header Files</Filter>
    </ClInclude>
    <ClInclude Include="include\DBServerMan.h">
      <Filter>Header Files</Filter>
    </ClInclude>
    <ClInclude Include="include\TcpSessionMaker.h">
      <Filter>Header Files</Filter>
    </ClInclude>
    <ClInclude Include="include\Transporter.h">
      <Filter>Header Files</Filter>
    </ClInclude>
    <ClInclude Include="include\QueryProcess.h">
      <Filter>Header Files</Filter>
    </ClInclude>
    <ClInclude Include="include\RemoveProcess.h">
      <Filter>Header Files</Filter>
    </ClInclude>
    <ClInclude Include="include\LoadProcess.h">
      <Filter>Header Files</Filter>
    </ClInclude>
    <ClInclude Include="include\UnloadProcess.h">
      <Filter>Header Files</Filter>
    </ClInclude>
    <ClInclude Include="include\SetProcess.h">
      <Filter>Header Files</Filter>
    </ClInclude>
    <ClInclude Include="include\GetProcess.h">
      <Filter>Header Files</Filter>
    </ClInclude>
    <ClInclude Include="include\GlobalObj.h">
      <Filter>Header Files</Filter>
    </ClInclude>
    <ClInclude Include="resource.h">
      <Filter>Header Files</Filter>
    </ClInclude>
    <ClInclude Include="..\ServiceHeader\ServiceErrorCode.h">
      <Filter>Header Files</Filter>
    </ClInclude>
  </ItemGroup>
  <ItemGroup>
    <ClCompile Include="source\AppendProcess.cpp">
      <Filter>Source Files</Filter>
    </ClCompile>
    <ClCompile Include="source\SqlSingle.cpp">
      <Filter>Source Files</Filter>
    </ClCompile>
    <ClCompile Include="source\DBTable.cpp">
      <Filter>Source Files</Filter>
    </ClCompile>
    <ClCompile Include="source\TcpSession.cpp">
      <Filter>Source Files</Filter>
    </ClCompile>
    <ClCompile Include="source\MsgProcess.cpp">
      <Filter>Source Files</Filter>
    </ClCompile>
    <ClCompile Include="source\DBConfig.cpp">
      <Filter>Source Files</Filter>
    </ClCompile>
    <ClCompile Include="source\SqlMan.cpp">
      <Filter>Source Files</Filter>
    </ClCompile>
    <ClCompile Include="source\SyncServer.cpp">
      <Filter>Source Files</Filter>
    </ClCompile>
    <ClCompile Include="source\SyncHelper.cpp">
      <Filter>Source Files</Filter>
    </ClCompile>
    <ClCompile Include="source\DBServerMan.cpp">
      <Filter>Source Files</Filter>
    </ClCompile>
    <ClCompile Include="source\TcpSessionMaker.cpp">
      <Filter>Source Files</Filter>
    </ClCompile>
    <ClCompile Include="source\Transporter.cpp">
      <Filter>Source Files</Filter>
    </ClCompile>
    <ClCompile Include="source\QueryProcess.cpp">
      <Filter>Source Files</Filter>
    </ClCompile>
    <ClCompile Include="source\RemoveProcess.cpp">
      <Filter>Source Files</Filter>
    </ClCompile>
    <ClCompile Include="source\UnloadProcess.cpp">
      <Filter>Source Files</Filter>
    </ClCompile>
    <ClCompile Include="source\SetProcess.cpp">
      <Filter>Source Files</Filter>
    </ClCompile>
    <ClCompile Include="source\GetProcess.cpp">
      <Filter>Source Files</Filter>
    </ClCompile>
    <ClCompile Include="source\GlobalObj.cpp">
      <Filter>Source Files</Filter>
    </ClCompile>
    <ClCompile Include="source\DBServer.cpp">
      <Filter>Source Files</Filter>
    </ClCompile>
    <ClCompile Include="source\LoadProcess.cpp">
      <Filter>Source Files</Filter>
    </ClCompile>
  </ItemGroup>
  <ItemGroup>
    <ResourceCompile Include="DBServer.rc">
      <Filter>Resource Files</Filter>
    </ResourceCompile>
  </ItemGroup>
  <ItemGroup>
    <Library Include="..\..\cyaPub\extra\mysql\win\mysql-connector-c-noinstall-6.0.2-win32\lib\libmysql.lib" />
  </ItemGroup>
</Project>